
Microsoft Visual Studio Solution File, Format Version 12.00
Project("{FAE04EC0-301F-11D3-BF4B-00C04F79EFBC}") = "CustomFonts", "CustomFonts.csproj", "{3159C752-D70A-4685-B575-E3099AFA5ADA}"
EndProject
Global
	GlobalSection(SolutionConfigurationPlatforms) = preSolution
		Debug|Any CPU = Debug|Any CPU
		Release|Any CPU = Release|Any CPU
	EndGlobalSection
	GlobalSection(ProjectConfigurationPlatforms) = postSolution
		{3159C752-D70A-4685-B575-E3099AFA5ADA}.Debug|Any CPU.ActiveCfg = Debug|Any CPU
		{3159C752-D70A-4685-B575-E3099AFA5ADA}.Debug|Any CPU.Build.0 = Debug|Any CPU
		{3159C752-D70A-4685-B575-E3099AFA5ADA}.Release|Any CPU.ActiveCfg = Release|Any CPU
		{3159C752-D70A-4685-B575-E3099AFA5ADA}.Release|Any CPU.Build.0 = Release|Any CPU
	EndGlobalSection
EndGlobal
